
Microsoft Visual Studio Solution File, Format Version 12.00
# Visual Studio Version 16
VisualStudioVersion = 16.0.30503.244
MinimumVisualStudioVersion = 10.0.40219.1
Project("{FAE04EC0-301F-11D3-BF4B-00C04F79EFBC}") = "AppHelpHospital", "AppHelpHospital\AppHelpHospital.csproj", "{24DDCEE6-10C5-4587-B478-FD6BC943F162}"
EndProject
Project("{FAE04EC0-301F-11D3-BF4B-00C04F79EFBC}") = "HelpHospital.Domain", "HelpHospital.Domain\HelpHospital.Domain.csproj", "{5920D5C8-792C-4BBC-99A0-2B8378B4DFD8}"
EndProject
Project("{FAE04EC0-301F-11D3-BF4B-00C04F79EFBC}") = "HelpHospital.Data", "HelpHospital.Data\HelpHospital.Data.csproj", "{BD841D16-CCE8-4F18-A6BF-6B310D1F69B3}"
EndProject
Project("{FAE04EC0-301F-11D3-BF4B-00C04F79EFBC}") = "HelpHospital.Service", "HelpHospital.Service\HelpHospital.Service.csproj", "{C114467F-1C21-4C20-8C24-FB3EEB111B68}"
EndProject
Global
	GlobalSection(SolutionConfigurationPlatforms) = preSolution
		Debug|Any CPU = Debug|Any CPU
		Release|Any CPU = Release|Any CPU
	EndGlobalSection
	GlobalSection(ProjectConfigurationPlatforms) = postSolution
		{24DDCEE6-10C5-4587-B478-FD6BC943F162}.Debug|Any CPU.ActiveCfg = Debug|Any CPU
		{24DDCEE6-10C5-4587-B478-FD6BC943F162}.Debug|Any CPU.Build.0 = Debug|Any CPU
		{24DDCEE6-10C5-4587-B478-FD6BC943F162}.Release|Any CPU.ActiveCfg = Release|Any CPU
		{24DDCEE6-10C5-4587-B478-FD6BC943F162}.Release|Any CPU.Build.0 = Release|Any CPU
		{5920D5C8-792C-4BBC-99A0-2B8378B4DFD8}.Debug|Any CPU.ActiveCfg = Debug|Any CPU
		{5920D5C8-792C-4BBC-99A0-2B8378B4DFD8}.Debug|Any CPU.Build.0 = Debug|Any CPU
		{5920D5C8-792C-4BBC-99A0-2B8378B4DFD8}.Release|Any CPU.ActiveCfg = Release|Any CPU
		{5920D5C8-792C-4BBC-99A0-2B8378B4DFD8}.Release|Any CPU.Build.0 = Release|Any CPU
		{BD841D16-CCE8-4F18-A6BF-6B310D1F69B3}.Debug|Any CPU.ActiveCfg = Debug|Any CPU
		{BD841D16-CCE8-4F18-A6BF-6B310D1F69B3}.Debug|Any CPU.Build.0 = Debug|Any CPU
		{BD841D16-CCE8-4F18-A6BF-6B310D1F69B3}.Release|Any CPU.ActiveCfg = Release|Any CPU
		{BD841D16-CCE8-4F18-A6BF-6B310D1F69B3}.Release|Any CPU.Build.0 = Release|Any CPU
		{C114467F-1C21-4C20-8C24-FB3EEB111B68}.Debug|Any CPU.ActiveCfg = Debug|Any CPU
		{C114467F-1C21-4C20-8C24-FB3EEB111B68}.Debug|Any CPU.Build.0 = Debug|Any CPU
		{C114467F-1C21-4C20-8C24-FB3EEB111B68}.Release|Any CPU.ActiveCfg = Release|Any CPU
		{C114467F-1C21-4C20-8C24-FB3EEB111B68}.Release|Any CPU.Build.0 = Release|Any CPU
	EndGlobalSection
	GlobalSection(SolutionProperties) = preSolution
		HideSolutionNode = FALSE
	EndGlobalSection
	GlobalSection(ExtensibilityGlobals) = postSolution
		SolutionGuid = {35A21551-9568-494E-8DDF-5274A5A2853D}
	EndGlobalSection
EndGlobal
